SITE
  remote: http://community.opscode.com/api/v1
  specs:
    apt (1.10.0)
    build-essential (1.4.0)
    chef_gem (0.1.0)
    chef_handler (1.1.4)
    dmg (1.1.0)
    elasticsearch (0.2.7)
      ark (>= 0.0.0)
    git (2.5.2)
      build-essential (>= 0.0.0)
      dmg (>= 0.0.0)
      runit (>= 1.0)
      windows (>= 0.0.0)
      yum (>= 0.0.0)
    imagemagick (0.2.2)
    mysql (3.0.0)
      build-essential (>= 0.0.0)
      openssl (>= 0.0.0)
    openssl (1.0.2)
    runit (1.1.4)
      build-essential (>= 0.0.0)
      yum (>= 0.0.0)
    sysctl (0.3.2)
    windows (1.9.0)
      chef_handler (>= 0.0.0)
    yum (2.2.2)

GIT
  remote: https://github.com/deepak/chef-locale
  ref: master
  sha: b79da8f2e3cfd7bec7200fdfb1fcc5eda26d2dd8
  specs:
    locale (0.0.2)

GIT
  remote: https://github.com/fnichol/chef-rvm
  ref: master
  sha: 7038fb8c518d0d7785767de215b1ae463f237973
  specs:
    rvm (0.9.1)
      chef_gem (>= 0.0.0)

GIT
  remote: https://github.com/getaroom/chef-redis
  ref: master
  sha: 9ad88e02ebe30d800c4955b0a57a9ae7d1e7e7a2
  specs:
    redis (4.0.1)
      runit (>= 0.0.0)
      sysctl (>= 0.0.0)

GIT
  remote: https://github.com/opscode-cookbooks/ark
  ref: 0.1.0
  sha: 084aef10c0797d6f9ac13de668804cf78d6353dc
  specs:
    ark (0.1.0)

GIT
  remote: https://github.com/opscode-cookbooks/java
  ref: master
  sha: e20ca6bde2196fef6dddd8c82e79a5dbab03c111
  specs:
    java (1.11.5)
      windows (>= 0.0.0)

GIT
  remote: https://github.com/shingara/oh-my-zsh-chef
  ref: master
  sha: 7da60eca90b9a0b2c2d42b9af02364ab04421043
  specs:
    oh_my_zsh (0.0.1)
      git (>= 0.0.0)

DEPENDENCIES
  apt (>= 0)
  ark (>= 0)
  elasticsearch (>= 0)
  git (>= 0)
  imagemagick (>= 0)
  java (>= 0)
  locale (>= 0)
  mysql (>= 0)
  oh_my_zsh (>= 0)
  redis (>= 0)
  rvm (>= 0)

