SITE
  remote: http://community.opscode.com/api/v1
  specs:
    apt (1.9.2)
    ark (0.2.2)
    build-essential (1.4.0)
    chef_gem (0.1.0)
    chef_handler (1.1.4)
    dmg (1.1.0)
    elasticsearch (0.2.7)
      ark (>= 0.0.0)
    git (2.5.0)
      build-essential (>= 0.0.0)
      dmg (>= 0.0.0)
      runit (>= 1.0)
      windows (>= 0.0.0)
      yum (>= 0.0.0)
    imagemagick (0.2.2)
    mysql (3.0.0)
      build-essential (>= 0.0.0)
      openssl (>= 0.0.0)
    openssl (1.0.2)
    runit (1.1.4)
      build-essential (>= 0.0.0)
      yum (>= 0.0.0)
    sysctl (0.3.1)
    windows (1.8.10)
      chef_handler (>= 0.0.0)
    yum (2.2.0)

GIT
  remote: https://github.com/deepak/chef-locale
  ref: master
  sha: 2669bd937f589b6ad542da4eb1baa42cfe251030
  specs:
    locale (0.0.2)

GIT
  remote: https://github.com/fnichol/chef-rvm
  ref: master
  sha: 7038fb8c518d0d7785767de215b1ae463f237973
  specs:
    rvm (0.9.1)
      chef_gem (>= 0.0.0)

GIT
  remote: https://github.com/getaroom/chef-redis
  ref: master
  sha: 9ad88e02ebe30d800c4955b0a57a9ae7d1e7e7a2
  specs:
    redis (4.0.1)
      runit (>= 0.0.0)
      sysctl (>= 0.0.0)

GIT
  remote: https://github.com/shingara/oh-my-zsh-chef
  ref: master
  sha: 7da60eca90b9a0b2c2d42b9af02364ab04421043
  specs:
    oh_my_zsh (0.0.1)
      git (>= 0.0.0)

DEPENDENCIES
  apt (>= 0)
  elasticsearch (>= 0)
  git (>= 0)
  imagemagick (>= 0)
  locale (>= 0)
  mysql (>= 0)
  oh_my_zsh (>= 0)
  redis (>= 0)
  rvm (>= 0)

